{
  "version": 4,
  "terraform_version": "1.2.1",
  "serial": 6,
  "lineage": "1f17144b-f83d-74c6-2190-3651cf444fe1",
  "outputs": {},
  "resources": [
    {
      "mode": "managed",
      "type": "google_compute_network",
      "name": "vpc",
      "provider": "provider[\"registry.terraform.io/hashicorp/google\"]",
      "instances": [
        {
          "schema_version": 0,
          "attributes": {
            "auto_create_subnetworks": false,
            "delete_default_routes_on_create": false,
            "description": "",
            "gateway_ipv4": "",
            "id": "projects/rare-beacon-351014/global/networks/rare-beacon-351014-vpc",
            "mtu": 0,
            "name": "rare-beacon-351014-vpc",
            "project": "rare-beacon-351014",
            "routing_mode": "REGIONAL",
            "self_link": "https://www.googleapis.com/compute/v1/projects/rare-beacon-351014/global/networks/rare-beacon-351014-vpc",
            "timeouts": null
          },
          "sensitive_attributes": [],
          "private": "eyJlMmJmYjczMC1lY2FhLTExZTYtOGY4OC0zNDM2M2JjN2M0YzAiOnsiY3JlYXRlIjoxMjAwMDAwMDAwMDAwLCJkZWxldGUiOjEyMDAwMDAwMDAwMDAsInVwZGF0ZSI6MTIwMDAwMDAwMDAwMH19"
        }
      ]
    },
    {
      "mode": "managed",
      "type": "google_compute_subnetwork",
      "name": "subnet",
      "provider": "provider[\"registry.terraform.io/hashicorp/google\"]",
      "instances": [
        {
          "schema_version": 0,
          "attributes": {
            "creation_timestamp": "2022-05-26T07:15:47.352-07:00",
            "description": "",
            "external_ipv6_prefix": "",
            "fingerprint": null,
            "gateway_address": "10.10.0.1",
            "id": "projects/rare-beacon-351014/regions/europe-west3/subnetworks/rare-beacon-351014-subnet",
            "ip_cidr_range": "10.10.0.0/24",
            "ipv6_access_type": "",
            "ipv6_cidr_range": "",
            "log_config": [],
            "name": "rare-beacon-351014-subnet",
            "network": "https://www.googleapis.com/compute/v1/projects/rare-beacon-351014/global/networks/rare-beacon-351014-vpc",
            "private_ip_google_access": false,
            "private_ipv6_google_access": "DISABLE_GOOGLE_ACCESS",
            "project": "rare-beacon-351014",
            "purpose": "PRIVATE",
            "region": "europe-west3",
            "role": "",
            "secondary_ip_range": [],
            "self_link": "https://www.googleapis.com/compute/v1/projects/rare-beacon-351014/regions/europe-west3/subnetworks/rare-beacon-351014-subnet",
            "stack_type": "IPV4_ONLY",
            "timeouts": null
          },
          "sensitive_attributes": [],
          "private": "eyJlMmJmYjczMC1lY2FhLTExZTYtOGY4OC0zNDM2M2JjN2M0YzAiOnsiY3JlYXRlIjoxMjAwMDAwMDAwMDAwLCJkZWxldGUiOjEyMDAwMDAwMDAwMDAsInVwZGF0ZSI6MTIwMDAwMDAwMDAwMH19",
          "dependencies": [
            "google_compute_network.vpc"
          ]
        }
      ]
    },
    {
      "mode": "managed",
      "type": "google_container_cluster",
      "name": "primary",
      "provider": "provider[\"registry.terraform.io/hashicorp/google\"]",
      "instances": [
        {
          "schema_version": 1,
          "attributes": {
            "addons_config": [
              {
                "cloudrun_config": [],
                "gcp_filestore_csi_driver_config": [],
                "horizontal_pod_autoscaling": [],
                "http_load_balancing": [],
                "network_policy_config": [
                  {
                    "disabled": true
                  }
                ]
              }
            ],
            "authenticator_groups_config": [],
            "cluster_autoscaling": [
              {
                "auto_provisioning_defaults": [],
                "enabled": false,
                "resource_limits": []
              }
            ],
            "cluster_ipv4_cidr": "10.180.0.0/14",
            "confidential_nodes": [],
            "database_encryption": [
              {
                "key_name": "",
                "state": "DECRYPTED"
              }
            ],
            "datapath_provider": "",
            "default_max_pods_per_node": null,
            "default_snat_status": [
              {
                "disabled": false
              }
            ],
            "description": "",
            "dns_config": [],
            "enable_autopilot": false,
            "enable_binary_authorization": false,
            "enable_intranode_visibility": false,
            "enable_kubernetes_alpha": false,
            "enable_legacy_abac": false,
            "enable_shielded_nodes": true,
            "enable_tpu": false,
            "endpoint": "34.159.183.227",
            "id": "projects/rare-beacon-351014/locations/europe-west3/clusters/rare-beacon-351014-gke",
            "initial_node_count": 1,
            "ip_allocation_policy": [],
            "label_fingerprint": "a9dc16a7",
            "location": "europe-west3",
            "logging_config": [
              {
                "enable_components": [
                  "SYSTEM_COMPONENTS",
                  "WORKLOADS"
                ]
              }
            ],
            "logging_service": "logging.googleapis.com/kubernetes",
            "maintenance_policy": [],
            "master_auth": [
              {
                "client_certificate": "",
                "client_certificate_config": [
                  {
                    "issue_client_certificate": false
                  }
                ],
                "client_key": "",
                "cluster_ca_certificate": "LS0tLS1CRUdJTiBDRVJUSUZJQ0FURS0tLS0tCk1JSUVMVENDQXBXZ0F3SUJBZ0lSQUxQUXIxQ0l5eFM0Q0lvZ2xtbEdLa0V3RFFZSktvWklodmNOQVFFTEJRQXcKTHpFdE1Dc0dBMVVFQXhNa1ptSXdNelZpTXpZdFltWXdNUzAwTWpSbExUa3lPRE10T0RVelptVmxaak15WmpWaQpNQ0FYRFRJeU1EVXlOakV6TWpBMU1Wb1lEekl3TlRJd05URTRNVFF5TURVeFdqQXZNUzB3S3dZRFZRUURFeVJtCllqQXpOV0l6TmkxaVpqQXhMVFF5TkdVdE9USTRNeTA0TlRObVpXVm1NekptTldJd2dnR2lNQTBHQ1NxR1NJYjMKRFFFQkFRVUFBNElCandBd2dnR0tBb0lCZ1FEbGZlTG1HZkR6dEpuL3Z5TytOUjFzREdEZFdWNCszWWdPM1M3Lwpld3QrL1h2aWlVSkVkSnV5d1lvM2pBSkR0VSsvOXp4VjJvWlBSTU0xQjZQdys5VkdtM2drV1ZxZis1TnFqN0d0CkRwY1JLTG56dGVWRUE5WlRjd0R0YjFRT0pUdEp6M0EraGZhaFpsTWtCUkpmcGpWU0NQajhtVEdoNHN2dWQzbkMKbmJZekpiaWxYa2o2bGhzUVd3VWIzY2ZOWHRBSmJyUzhHUDUrMjJVQWJaOGhEYjNiSmhvVkhBZUIwa0dURit1Mwo2NHpWZlFSNjdwV3FOUGE0Z3N0WktYUXlNL0JMOGhyR2UzU1IwcU9YSE13dFA2Zk03aEw1alczNHNla3JMYmJ2CldBNVJROU1oM3JqdWNKMFJBd2NySVk5UjIxbmw4bko3YmJ3UC9oRE90NTYvUkJNSnBtcWpsMVJ3Um9FM2hVYTAKNk81cXIrdzFEWHQ4aUhxVUFCYzJkRWpOZFVYMHNWSUg1L1dhOVhCTTB4MW83ZDZ2OUoyZGoxV0hWV3plOWpSawpKVDhHQkluUXp5T3U0WGtsWVV0MzZzNnVyT20zNjBRajdXL3FmTFUzNE5sSHFjbnZwQ2pBbm8yRjh1SlZ3NUlNCnRXQXVVaTVGOUhVUE9iOWlONWZ0K1ptaVBQTUNBd0VBQWFOQ01FQXdEZ1lEVlIwUEFRSC9CQVFEQWdJRU1BOEcKQTFVZEV3RUIvd1FGTUFNQkFmOHdIUVlEVlIwT0JCWUVGSWpTSkRuWGlGdGo3ZnVoandSbUVIM1k1UVpwTUEwRwpDU3FHU0liM0RRRUJDd1VBQTRJQmdRQ0IwMVJCQUh0NDFHejNVa0FjZ3VhYUZNTldtaG9BZUJKZko5dk1ZV0xqCnFsL0ZlMlNrMVEwMGF5QWVsU0lmZU9kTlY4QS9QdG95emxzZUtvTHMwcUpsWXNzT1NxWEhLb2k3L0l2SkgrdzYKc0xUN3JYemRTUTZremJwZHZVNHV3UEpzam14YnRSbUk5Y2xjWnp1a3VtSCtaNkNxa09sd1Z4N1A3ZFNOZzg1dwpTMGNkRXc4L3JhYVZxRDhPd3hsRjRxOWt5QjhTTzl4NWFZK0VqUUsraHUyZ25zL3luSXlzMVpxWUUxTDFNb0dpCm42VmkvQ3hoTTNKSUR6TWMwMHNNUUdYcnphUDZ3L1ZybjdzTEpSdmRlOTJMMUJTTWs0MWg4Mmh3Q29OUi9RNEcKc24rVTRwNUoyS1ZFQ3N1aFN6RWlCZDFZVGd5d0tGaDZYbjQwNHhxUzA5Y3hlZjJGUGxiWWI5K2lFd05Mc1VTcAp1VHFIZmRCV00rZmtqZ2VHZlRnUXUyNGlGdnArbWRLS200czR5YW9WYldzN25YOWhEenI3ZU5iWG4vbmhsNkRWClcvdkhUUkhLMVZVUE0yN2hXZ1hyUzhhemhzOEx5aHdCVUpCRXFPS1pYOFJUeUwrbTNXbUx1SytkU0thbGt4MUwKdFBmUjNwOWRiQnlXYkZ0bjk2czd6d3c9Ci0tLS0tRU5EIENFUlRJRklDQVRFLS0tLS0K"
              }
            ],
            "master_authorized_networks_config": [],
            "master_version": "1.21.11-gke.1100",
            "min_master_version": null,
            "monitoring_config": [
              {
                "enable_components": [
                  "SYSTEM_COMPONENTS"
                ]
              }
            ],
            "monitoring_service": "monitoring.googleapis.com/kubernetes",
            "name": "rare-beacon-351014-gke",
            "network": "projects/rare-beacon-351014/global/networks/rare-beacon-351014-vpc",
            "network_policy": [
              {
                "enabled": false,
                "provider": "PROVIDER_UNSPECIFIED"
              }
            ],
            "networking_mode": "ROUTES",
            "node_config": [],
            "node_locations": [
              "europe-west3-a",
              "europe-west3-b",
              "europe-west3-c"
            ],
            "node_pool": [],
            "node_version": "1.21.11-gke.1100",
            "operation": null,
            "private_cluster_config": [],
            "private_ipv6_google_access": "",
            "project": "rare-beacon-351014",
            "release_channel": [
              {
                "channel": "REGULAR"
              }
            ],
            "remove_default_node_pool": true,
            "resource_labels": null,
            "resource_usage_export_config": [],
            "self_link": "https://container.googleapis.com/v1/projects/rare-beacon-351014/locations/europe-west3/clusters/rare-beacon-351014-gke",
            "services_ipv4_cidr": "10.183.240.0/20",
            "subnetwork": "projects/rare-beacon-351014/regions/europe-west3/subnetworks/rare-beacon-351014-subnet",
            "timeouts": null,
            "tpu_ipv4_cidr_block": "",
            "vertical_pod_autoscaling": [],
            "workload_identity_config": []
          },
          "sensitive_attributes": [],
          "private": "eyJlMmJmYjczMC1lY2FhLTExZTYtOGY4OC0zNDM2M2JjN2M0YzAiOnsiY3JlYXRlIjoyNDAwMDAwMDAwMDAwLCJkZWxldGUiOjI0MDAwMDAwMDAwMDAsInJlYWQiOjI0MDAwMDAwMDAwMDAsInVwZGF0ZSI6MzYwMDAwMDAwMDAwMH0sInNjaGVtYV92ZXJzaW9uIjoiMSJ9",
          "dependencies": [
            "google_compute_network.vpc",
            "google_compute_subnetwork.subnet"
          ]
        }
      ]
    },
    {
      "mode": "managed",
      "type": "google_container_node_pool",
      "name": "primary_nodes",
      "provider": "provider[\"registry.terraform.io/hashicorp/google\"]",
      "instances": [
        {
          "status": "tainted",
          "schema_version": 1,
          "attributes": {
            "autoscaling": [],
            "cluster": "rare-beacon-351014-gke",
            "id": "projects/rare-beacon-351014/locations/europe-west3/clusters/rare-beacon-351014-gke/nodePools/rare-beacon-351014-gke-node-pool",
            "initial_node_count": 1,
            "instance_group_urls": [
              "https://www.googleapis.com/compute/v1/projects/rare-beacon-351014/zones/europe-west3-c/instanceGroupManagers/gke-rare-beacon-3510-rare-beacon-3510-32320663-grp",
              "https://www.googleapis.com/compute/v1/projects/rare-beacon-351014/zones/europe-west3-b/instanceGroupManagers/gke-rare-beacon-3510-rare-beacon-3510-e6e36657-grp",
              "https://www.googleapis.com/compute/v1/projects/rare-beacon-351014/zones/europe-west3-a/instanceGroupManagers/gke-rare-beacon-3510-rare-beacon-3510-ffe3e404-grp"
            ],
            "location": "europe-west3",
            "managed_instance_group_urls": [
              "https://www.googleapis.com/compute/v1/projects/rare-beacon-351014/zones/europe-west3-c/instanceGroups/gke-rare-beacon-3510-rare-beacon-3510-32320663-grp",
              "https://www.googleapis.com/compute/v1/projects/rare-beacon-351014/zones/europe-west3-b/instanceGroups/gke-rare-beacon-3510-rare-beacon-3510-e6e36657-grp",
              "https://www.googleapis.com/compute/v1/projects/rare-beacon-351014/zones/europe-west3-a/instanceGroups/gke-rare-beacon-3510-rare-beacon-3510-ffe3e404-grp"
            ],
            "management": [
              {
                "auto_repair": true,
                "auto_upgrade": true
              }
            ],
            "max_pods_per_node": null,
            "name": "rare-beacon-351014-gke-node-pool",
            "name_prefix": "",
            "node_config": [
              {
                "boot_disk_kms_key": "",
                "disk_size_gb": 100,
                "disk_type": "pd-standard",
                "gcfs_config": [],
                "guest_accelerator": [],
                "gvnic": [],
                "image_type": "COS_CONTAINERD",
                "labels": {
                  "env": "rare-beacon-351014"
                },
                "local_ssd_count": 0,
                "machine_type": "n1-standard-1",
                "metadata": {
                  "disable-legacy-endpoints": "true"
                },
                "min_cpu_platform": "",
                "node_group": "",
                "oauth_scopes": [
                  "https://www.googleapis.com/auth/logging.write",
                  "https://www.googleapis.com/auth/monitoring"
                ],
                "preemptible": false,
                "service_account": "default",
                "shielded_instance_config": [
                  {
                    "enable_integrity_monitoring": true,
                    "enable_secure_boot": false
                  }
                ],
                "tags": [
                  "gke-node",
                  "rare-beacon-351014-gke"
                ],
                "taint": [],
                "workload_metadata_config": []
              }
            ],
            "node_count": 1,
            "node_locations": [
              "europe-west3-a",
              "europe-west3-b",
              "europe-west3-c"
            ],
            "operation": null,
            "project": "rare-beacon-351014",
            "timeouts": null,
            "upgrade_settings": [
              {
                "max_surge": 1,
                "max_unavailable": 0
              }
            ],
            "version": "1.21.11-gke.1100"
          },
          "sensitive_attributes": [],
          "private": "eyJlMmJmYjczMC1lY2FhLTExZTYtOGY4OC0zNDM2M2JjN2M0YzAiOnsiY3JlYXRlIjoxODAwMDAwMDAwMDAwLCJkZWxldGUiOjE4MDAwMDAwMDAwMDAsInVwZGF0ZSI6MTgwMDAwMDAwMDAwMH0sInNjaGVtYV92ZXJzaW9uIjoiMSJ9",
          "dependencies": [
            "google_compute_network.vpc",
            "google_compute_subnetwork.subnet",
            "google_container_cluster.primary"
          ]
        }
      ]
    }
  ]
}
